{
  "requires": true,
  "lockfileVersion": 1,
  "dependencies": {
    "caniuse-lite": {
      "version": "1.0.30001170",
      "resolved": "https://registry.npmjs.org/caniuse-lite/-/caniuse-lite-1.0.30001170.tgz",
      "integrity": "sha512-Dd4d/+0tsK0UNLrZs3CvNukqalnVTRrxb5mcQm8rHL49t7V5ZaTygwXkrq+FB+dVDf++4ri8eJnFEJAB8332PA=="
    }
  }
}
